
Microsoft Visual Studio Solution File, Format Version 12.00
# Visual Studio Version 16
VisualStudioVersion = 16.0.31205.134
MinimumVisualStudioVersion = 10.0.40219.1
Project("{9A19103F-16F7-4668-BE54-9A1E7A4F7556}") = "DuckySharp", "DuckySharp\DuckySharp.csproj", "{DC4851F5-4BA5-4C30-BE79-732328936E81}"
EndProject
Project("{9A19103F-16F7-4668-BE54-9A1E7A4F7556}") = "DuckySharp.Test", "DuckySharp.Test\DuckySharp.Test.csproj", "{FE42E213-0D11-492B-A655-4B65EE90BDD0}"
EndProject
Project("{2150E333-8FDC-42A3-9474-1A3956D46DE8}") = "Solution Items", "Solution Items", "{2B3D1B52-0A6A-4F3F-BE37-A8E5D53EACE6}"
	ProjectSection(SolutionItems) = preProject
		README.md = README.md
	EndProjectSection
EndProject
Global
	GlobalSection(SolutionConfigurationPlatforms) = preSolution
		Debug|Any CPU = Debug|Any CPU
		Release|Any CPU = Release|Any CPU
	EndGlobalSection
	GlobalSection(ProjectConfigurationPlatforms) = postSolution
		{DC4851F5-4BA5-4C30-BE79-732328936E81}.Debug|Any CPU.ActiveCfg = Debug|Any CPU
		{DC4851F5-4BA5-4C30-BE79-732328936E81}.Debug|Any CPU.Build.0 = Debug|Any CPU
		{DC4851F5-4BA5-4C30-BE79-732328936E81}.Release|Any CPU.ActiveCfg = Release|Any CPU
		{DC4851F5-4BA5-4C30-BE79-732328936E81}.Release|Any CPU.Build.0 = Release|Any CPU
		{FE42E213-0D11-492B-A655-4B65EE90BDD0}.Debug|Any CPU.ActiveCfg = Debug|Any CPU
		{FE42E213-0D11-492B-A655-4B65EE90BDD0}.Debug|Any CPU.Build.0 = Debug|Any CPU
		{FE42E213-0D11-492B-A655-4B65EE90BDD0}.Release|Any CPU.ActiveCfg = Release|Any CPU
		{FE42E213-0D11-492B-A655-4B65EE90BDD0}.Release|Any CPU.Build.0 = Release|Any CPU
	EndGlobalSection
	GlobalSection(SolutionProperties) = preSolution
		HideSolutionNode = FALSE
	EndGlobalSection
	GlobalSection(ExtensibilityGlobals) = postSolution
		SolutionGuid = {33DDAB4D-FFFB-4690-968C-05A72FCADCD2}
	EndGlobalSection
EndGlobal
