
Microsoft Visual Studio Solution File, Format Version 12.00
# Visual Studio Version 16
VisualStudioVersion = 16.0.31205.134
MinimumVisualStudioVersion = 10.0.40219.1
Project("{FAE04EC0-301F-11D3-BF4B-00C04F79EFBC}") = "DuckySharp", "DuckySharp\DuckySharp.csproj", "{DC4851F5-4BA5-4C30-BE79-732328936E81}"
EndProject
Project("{FAE04EC0-301F-11D3-BF4B-00C04F79EFBC}") = "DuckySharp.Test", "DuckySharp.Test\DuckySharp.Test.csproj", "{FE42E213-0D11-492B-A655-4B65EE90BDD0}"
EndProject
Global
	GlobalSection(SolutionConfigurationPlatforms) = preSolution
		Debug|Any CPU = Debug|Any CPU
		Release|Any CPU = Release|Any CPU
	EndGlobalSection
	GlobalSection(ProjectConfigurationPlatforms) = postSolution
		{DC4851F5-4BA5-4C30-BE79-732328936E81}.Debug|Any CPU.ActiveCfg = Debug|Any CPU
		{DC4851F5-4BA5-4C30-BE79-732328936E81}.Debug|Any CPU.Build.0 = Debug|Any CPU
		{DC4851F5-4BA5-4C30-BE79-732328936E81}.Release|Any CPU.ActiveCfg = Release|Any CPU
		{DC4851F5-4BA5-4C30-BE79-732328936E81}.Release|Any CPU.Build.0 = Release|Any CPU
		{FE42E213-0D11-492B-A655-4B65EE90BDD0}.Debug|Any CPU.ActiveCfg = Debug|Any CPU
		{FE42E213-0D11-492B-A655-4B65EE90BDD0}.Debug|Any CPU.Build.0 = Debug|Any CPU
		{FE42E213-0D11-492B-A655-4B65EE90BDD0}.Release|Any CPU.ActiveCfg = Release|Any CPU
		{FE42E213-0D11-492B-A655-4B65EE90BDD0}.Release|Any CPU.Build.0 = Release|Any CPU
	EndGlobalSection
	GlobalSection(SolutionProperties) = preSolution
		HideSolutionNode = FALSE
	EndGlobalSection
	GlobalSection(ExtensibilityGlobals) = postSolution
		SolutionGuid = {33DDAB4D-FFFB-4690-968C-05A72FCADCD2}
	EndGlobalSection
EndGlobal
